
Microsoft Visual Studio Solution File, Format Version 12.00
# Visual Studio Version 17
VisualStudioVersion = 17.2.32630.192
MinimumVisualStudioVersion = 10.0.40219.1
Project("{9A19103F-16F7-4668-BE54-9A1E7A4F7556}") = "DAL", "DAL\DAL.csproj", "{1919CF88-5D0B-40A4-AB8C-F046B9120874}"
EndProject
Project("{9A19103F-16F7-4668-BE54-9A1E7A4F7556}") = "BLL", "BLL\BLL.csproj", "{21242697-A6A8-480B-930A-2CC610DC8216}"
EndProject
Project("{9A19103F-16F7-4668-BE54-9A1E7A4F7556}") = "API", "API\API.csproj", "{3A1C46C7-B74C-4E84-B2B1-5A25FC264B50}"
EndProject
Project("{9A19103F-16F7-4668-BE54-9A1E7A4F7556}") = "BLL.Tests", "BLL.Tests\BLL.Tests.csproj", "{1D2CE35F-FDCC-4254-A030-5B71930272F7}"
EndProject
Project("{54A90642-561A-4BB1-A94E-469ADEE60C69}") = "ui", "UI\ui.esproj", "{60100750-AEC6-4BD7-9878-B98F31DE7259}"
EndProject
Global
	GlobalSection(SolutionConfigurationPlatforms) = preSolution
		Debug|Any CPU = Debug|Any CPU
		Release|Any CPU = Release|Any CPU
	EndGlobalSection
	GlobalSection(ProjectConfigurationPlatforms) = postSolution
		{1919CF88-5D0B-40A4-AB8C-F046B9120874}.Debug|Any CPU.ActiveCfg = Debug|Any CPU
		{1919CF88-5D0B-40A4-AB8C-F046B9120874}.Debug|Any CPU.Build.0 = Debug|Any CPU
		{1919CF88-5D0B-40A4-AB8C-F046B9120874}.Release|Any CPU.ActiveCfg = Release|Any CPU
		{1919CF88-5D0B-40A4-AB8C-F046B9120874}.Release|Any CPU.Build.0 = Release|Any CPU
		{21242697-A6A8-480B-930A-2CC610DC8216}.Debug|Any CPU.ActiveCfg = Debug|Any CPU
		{21242697-A6A8-480B-930A-2CC610DC8216}.Debug|Any CPU.Build.0 = Debug|Any CPU
		{21242697-A6A8-480B-930A-2CC610DC8216}.Release|Any CPU.ActiveCfg = Release|Any CPU
		{21242697-A6A8-480B-930A-2CC610DC8216}.Release|Any CPU.Build.0 = Release|Any CPU
		{3A1C46C7-B74C-4E84-B2B1-5A25FC264B50}.Debug|Any CPU.ActiveCfg = Debug|Any CPU
		{3A1C46C7-B74C-4E84-B2B1-5A25FC264B50}.Debug|Any CPU.Build.0 = Debug|Any CPU
		{3A1C46C7-B74C-4E84-B2B1-5A25FC264B50}.Release|Any CPU.ActiveCfg = Release|Any CPU
		{3A1C46C7-B74C-4E84-B2B1-5A25FC264B50}.Release|Any CPU.Build.0 = Release|Any CPU
		{1D2CE35F-FDCC-4254-A030-5B71930272F7}.Debug|Any CPU.ActiveCfg = Debug|Any CPU
		{1D2CE35F-FDCC-4254-A030-5B71930272F7}.Debug|Any CPU.Build.0 = Debug|Any CPU
		{1D2CE35F-FDCC-4254-A030-5B71930272F7}.Release|Any CPU.ActiveCfg = Release|Any CPU
		{1D2CE35F-FDCC-4254-A030-5B71930272F7}.Release|Any CPU.Build.0 = Release|Any CPU
		{60100750-AEC6-4BD7-9878-B98F31DE7259}.Debug|Any CPU.ActiveCfg = Debug|Any CPU
		{60100750-AEC6-4BD7-9878-B98F31DE7259}.Debug|Any CPU.Build.0 = Debug|Any CPU
		{60100750-AEC6-4BD7-9878-B98F31DE7259}.Debug|Any CPU.Deploy.0 = Debug|Any CPU
		{60100750-AEC6-4BD7-9878-B98F31DE7259}.Release|Any CPU.ActiveCfg = Release|Any CPU
		{60100750-AEC6-4BD7-9878-B98F31DE7259}.Release|Any CPU.Build.0 = Release|Any CPU
		{60100750-AEC6-4BD7-9878-B98F31DE7259}.Release|Any CPU.Deploy.0 = Release|Any CPU
	EndGlobalSection
	GlobalSection(SolutionProperties) = preSolution
		HideSolutionNode = FALSE
	EndGlobalSection
	GlobalSection(ExtensibilityGlobals) = postSolution
		SolutionGuid = {2FB3D5C2-DAA1-4975-A21A-273CA4892C4E}
	EndGlobalSection
EndGlobal
